<Solution>
  <Project Path="NullableTypes1/NullableTypes1.csproj" Id="c1853f1f-2fe2-454b-95e2-afb98ff303f8" />
  <Project Path="TiposDeDados 1/TiposDeDados 1.csproj" />
  <Project Path="TiposDeDados2/TiposDeDados2.csproj" />
  <Project Path="TiposDeDados3/TiposDeDados3.csproj" Id="c7cc4da5-d5a3-49ab-b15f-d4bdd729fc87" />
</Solution>
